// !$*UTF8*$!
{
	archiveVersion = 1;
	classes = {
	};
	objectVersion = 46;
	objects = {

/* Begin PBXBuildFile section */
		FA2F31CA1D13A47B00EFFCAE /* AppDelegate.swift in Sources */ = {isa = PBXBuildFile; fileRef = FA2F31C91D13A47B00EFFCAE /* AppDelegate.swift */; };
		FA2F31CC1D13A47B00EFFCAE /* ViewController.swift in Sources */ = {isa = PBXBuildFile; fileRef = FA2F31CB1D13A47B00EFFCAE /* ViewController.swift */; };
		FA2F31CF1D13A47B00EFFCAE /* Main.storyboard in Resources */ = {isa = PBXBuildFile; fileRef = FA2F31CD1D13A47B00EFFCAE /* Main.storyboard */; };
		FA2F31D11D13A47B00EFFCAE /* Assets.xcassets in Resources */ = {isa = PBXBuildFile; fileRef = FA2F31D01D13A47B00EFFCAE /* Assets.xcassets */; };
		FA2F31D41D13A47B00EFFCAE /* LaunchScreen.storyboard in Resources */ = {isa = PBXBuildFile; fileRef = FA2F31D21D13A47B00EFFCAE /* LaunchScreen.storyboard */; };
		FA2F31DF1D13A47C00EFFCAE /* SwiftDemoCocoapodsPracticeTests.swift in Sources */ = {isa = PBXBuildFile; fileRef = FA2F31DE1D13A47C00EFFCAE /* SwiftDemoCocoapodsPracticeTests.swift */; };
		FA2F31EA1D13A47C00EFFCAE /* SwiftDemoCocoapodsPracticeUITests.swift in Sources */ = {isa = PBXBuildFile; fileRef = FA2F31E91D13A47C00EFFCAE /* SwiftDemoCocoapodsPracticeUITests.swift */; };
/* End PBXBuildFile section */

/* Begin PBXContainerItemProxy section */
		FA2F31DB1D13A47C00EFFCAE /* PBXContainerItemProxy */ = {
			isa = PBXContainerItemProxy;
			containerPortal = FA2F31BE1D13A47B00EFFCAE /* Project object */;
			proxyType = 1;
			remoteGlobalIDString = FA2F31C51D13A47B00EFFCAE;
			remoteInfo = SwiftDemoCocoapodsPractice;
		};
		FA2F31E61D13A47C00EFFCAE /* PBXContainerItemProxy */ = {
			isa = PBXContainerItemProxy;
			containerPortal = FA2F31BE1D13A47B00EFFCAE /* Project object */;
			proxyType = 1;
			remoteGlobalIDString = FA2F31C51D13A47B00EFFCAE;
			remoteInfo = SwiftDemoCocoapodsPractice;
		};
/* End PBXContainerItemProxy section */

/* Begin PBXFileReference section */
		FA2F31C61D13A47B00EFFCAE /* SwiftDemoCocoapodsPractice.app */ = {isa = PBXFileReference; explicitFileType = wrapper.application; includeInIndex = 0; path = SwiftDemoCocoapodsPractice.app; sourceTree = BUILT_PRODUCTS_DIR; };
		FA2F31C91D13A47B00EFFCAE /* AppDelegate.swift */ = {isa = PBXFileReference; lastKnownFileType = sourcecode.swift; path = AppDelegate.swift; sourceTree = "<group>"; };
		FA2F31CB1D13A47B00EFFCAE /* ViewController.swift */ = {isa = PBXFileReference; lastKnownFileType = sourcecode.swift; path = ViewController.swift; sourceTree = "<group>"; };
		FA2F31CE1D13A47B00EFFCAE /* Base */ = {isa = PBXFileReference; lastKnownFileType = file.storyboard; name = Base; path = Base.lproj/Main.storyboard; sourceTree = "<group>"; };
		FA2F31D01D13A47B00EFFCAE /* Assets.xcassets */ = {isa = PBXFileReference; lastKnownFileType = folder.assetcatalog; path = Assets.xcassets; sourceTree = "<group>"; };
		FA2F31D31D13A47B00EFFCAE /* Base */ = {isa = PBXFileReference; lastKnownFileType = file.storyboard; name = Base; path = Base.lproj/LaunchScreen.storyboard; sourceTree = "<group>"; };
		FA2F31D51D13A47B00EFFCAE /* Info.plist */ = {isa = PBXFileReference; lastKnownFileType = text.plist.xml; path = Info.plist; sourceTree = "<group>"; };
		FA2F31DA1D13A47C00EFFCAE /* SwiftDemoCocoapodsPracticeTests.xctest */ = {isa = PBXFileReference; explicitFileType = wrapper.cfbundle; includeInIndex = 0; path = SwiftDemoCocoapodsPracticeTests.xctest; sourceTree = BUILT_PRODUCTS_DIR; };
		FA2F31DE1D13A47C00EFFCAE /* SwiftDemoCocoapodsPracticeTests.swift */ = {isa = PBXFileReference; lastKnownFileType = sourcecode.swift; path = SwiftDemoCocoapodsPracticeTests.swift; sourceTree = "<group>"; };
		FA2F31E01D13A47C00EFFCAE /* Info.plist */ = {isa = PBXFileReference; lastKnownFileType = text.plist.xml; path = Info.plist; sourceTree = "<group>"; };
		FA2F31E51D13A47C00EFFCAE /* SwiftDemoCocoapodsPracticeUITests.xctest */ = {isa = PBXFileReference; explicitFileType = wrapper.cfbundle; includeInIndex = 0; path = SwiftDemoCocoapodsPracticeUITests.xctest; sourceTree = BUILT_PRODUCTS_DIR; };
		FA2F31E91D13A47C00EFFCAE /* SwiftDemoCocoapodsPracticeUITests.swift */ = {isa = PBXFileReference; lastKnownFileType = sourcecode.swift; path = SwiftDemoCocoapodsPracticeUITests.swift; sourceTree = "<group>"; };
		FA2F31EB1D13A47C00EFFCAE /* Info.plist */ = {isa = PBXFileReference; lastKnownFileType = text.plist.xml; path = Info.plist; sourceTree = "<group>"; };
/* End PBXFileReference section */

/* Begin PBXFrameworksBuildPhase section */
		FA2F31C31D13A47B00EFFCAE /* Frameworks */ = {
			isa = PBXFrameworksBuildPhase;
			buildActionMask = 2147483647;
			files = (
			);
			runOnlyForDeploymentPostprocessing = 0;
		};
		FA2F31D71D13A47C00EFFCAE /* Frameworks */ = {
			isa = PBXFrameworksBuildPhase;
			buildActionMask = 2147483647;
			files = (
			);
			runOnlyForDeploymentPostprocessing = 0;
		};
		FA2F31E21D13A47C00EFFCAE /* Frameworks */ = {
			isa = PBXFrameworksBuildPhase;
			buildActionMask = 2147483647;
			files = (
			);
			runOnlyForDeploymentPostprocessing = 0;
		};
/* End PBXFrameworksBuildPhase section */

/* Begin PBXGroup section */
		FA2F31BD1D13A47B00EFFCAE = {
			isa = PBXGroup;
			children = (
				FA2F31C81D13A47B00EFFCAE /* SwiftDemoCocoapodsPractice */,
				FA2F31DD1D13A47C00EFFCAE /* SwiftDemoCocoapodsPracticeTests */,
				FA2F31E81D13A47C00EFFCAE /* SwiftDemoCocoapodsPracticeUITests */,
				FA2F31C71D13A47B00EFFCAE /* Products */,
			);
			sourceTree = "<group>";
		};
		FA2F31C71D13A47B00EFFCAE /* Products */ = {
			isa = PBXGroup;
			children = (
				FA2F31C61D13A47B00EFFCAE /* SwiftDemoCocoapodsPractice.app */,
				FA2F31DA1D13A47C00EFFCAE /* SwiftDemoCocoapodsPracticeTests.xctest */,
				FA2F31E51D13A47C00EFFCAE /* SwiftDemoCocoapodsPracticeUITests.xctest */,
			);
			name = Products;
			sourceTree = "<group>";
		};
		FA2F31C81D13A47B00EFFCAE /* SwiftDemoCocoapodsPractice */ = {
			isa = PBXGroup;
			children = (
				FA2F31C91D13A47B00EFFCAE /* AppDelegate.swift */,
				FA2F31CB1D13A47B00EFFCAE /* ViewController.swift */,
				FA2F31CD1D13A47B00EFFCAE /* Main.storyboard */,
				FA2F31D01D13A47B00EFFCAE /* Assets.xcassets */,
				FA2F31D21D13A47B00EFFCAE /* LaunchScreen.storyboard */,
				FA2F31D51D13A47B00EFFCAE /* Info.plist */,
			);
			path = SwiftDemoCocoapodsPractice;
			sourceTree = "<group>";
		};
		FA2F31DD1D13A47C00EFFCAE /* SwiftDemoCocoapodsPracticeTests */ = {
			isa = PBXGroup;
			children = (
				FA2F31DE1D13A47C00EFFCAE /* SwiftDemoCocoapodsPracticeTests.swift */,
				FA2F31E01D13A47C00EFFCAE /* Info.plist */,
			);
			path = SwiftDemoCocoapodsPracticeTests;
			sourceTree = "<group>";
		};
		FA2F31E81D13A47C00EFFCAE /* SwiftDemoCocoapodsPracticeUITests */ = {
			isa = PBXGroup;
			children = (
				FA2F31E91D13A47C00EFFCAE /* SwiftDemoCocoapodsPracticeUITests.swift */,
				FA2F31EB1D13A47C00EFFCAE /* Info.plist */,
			);
			path = SwiftDemoCocoapodsPracticeUITests;
			sourceTree = "<group>";
		};
/* End PBXGroup section */

/* Begin PBXNativeTarget section */
		FA2F31C51D13A47B00EFFCAE /* SwiftDemoCocoapodsPractice */ = {
			isa = PBXNativeTarget;
			buildConfigurationList = FA2F31EE1D13A47C00EFFCAE /* Build configuration list for PBXNativeTarget "SwiftDemoCocoapodsPractice" */;
			buildPhases = (
				FA2F31C21D13A47B00EFFCAE /* Sources */,
				FA2F31C31D13A47B00EFFCAE /* Frameworks */,
				FA2F31C41D13A47B00EFFCAE /* Resources */,
			);
			buildRules = (
			);
			dependencies = (
			);
			name = SwiftDemoCocoapodsPractice;
			productName = SwiftDemoCocoapodsPractice;
			productReference = FA2F31C61D13A47B00EFFCAE /* SwiftDemoCocoapodsPractice.app */;
			productType = "com.apple.product-type.application";
		};
		FA2F31D91D13A47C00EFFCAE /* SwiftDemoCocoapodsPracticeTests */ = {
			isa = PBXNativeTarget;
			buildConfigurationList = FA2F31F11D13A47C00EFFCAE /* Build configuration list for PBXNativeTarget "SwiftDemoCocoapodsPracticeTests" */;
			buildPhases = (
				FA2F31D61D13A47C00EFFCAE /* Sources */,
				FA2F31D71D13A47C00EFFCAE /* Frameworks */,
				FA2F31D81D13A47C00EFFCAE /* Resources */,
			);
			buildRules = (
			);
			dependencies = (
				FA2F31DC1D13A47C00EFFCAE /* PBXTargetDependency */,
			);
			name = SwiftDemoCocoapodsPracticeTests;
			productName = SwiftDemoCocoapodsPracticeTests;
			productReference = FA2F31DA1D13A47C00EFFCAE /* SwiftDemoCocoapodsPracticeTests.xctest */;
			productType = "com.apple.product-type.bundle.unit-test";
		};
		FA2F31E41D13A47C00EFFCAE /* SwiftDemoCocoapodsPracticeUITests */ = {
			isa = PBXNativeTarget;
			buildConfigurationList = FA2F31F41D13A47C00EFFCAE /* Build configuration list for PBXNativeTarget "SwiftDemoCocoapodsPracticeUITests" */;
			buildPhases = (
				FA2F31E11D13A47C00EFFCAE /* Sources */,
				FA2F31E21D13A47C00EFFCAE /* Frameworks */,
				FA2F31E31D13A47C00EFFCAE /* Resources */,
			);
			buildRules = (
			);
			dependencies = (
				FA2F31E71D13A47C00EFFCAE /* PBXTargetDependency */,
			);
			name = SwiftDemoCocoapodsPracticeUITests;
			productName = SwiftDemoCocoapodsPracticeUITests;
			productReference = FA2F31E51D13A47C00EFFCAE /* SwiftDemoCocoapodsPracticeUITests.xctest */;
			productType = "com.apple.product-type.bundle.ui-testing";
		};
/* End PBXNativeTarget section */

/* Begin PBXProject section */
		FA2F31BE1D13A47B00EFFCAE /* Project object */ = {
			isa = PBXProject;
			attributes = {
				LastSwiftUpdateCheck = 0730;
				LastUpgradeCheck = 0730;
				ORGANIZATIONNAME = "Mad-hu";
				TargetAttributes = {
					FA2F31C51D13A47B00EFFCAE = {
						CreatedOnToolsVersion = 7.3.1;
					};
					FA2F31D91D13A47C00EFFCAE = {
						CreatedOnToolsVersion = 7.3.1;
						TestTargetID = FA2F31C51D13A47B00EFFCAE;
					};
					FA2F31E41D13A47C00EFFCAE = {
						CreatedOnToolsVersion = 7.3.1;
						TestTargetID = FA2F31C51D13A47B00EFFCAE;
					};
				};
			};
			buildConfigurationList = FA2F31C11D13A47B00EFFCAE /* Build configuration list for PBXProject "SwiftDemoCocoapodsPractice" */;
			compatibilityVersion = "Xcode 3.2";
			developmentRegion = English;
			hasScannedForEncodings = 0;
			knownRegions = (
				en,
				Base,
			);
			mainGroup = FA2F31BD1D13A47B00EFFCAE;
			productRefGroup = FA2F31C71D13A47B00EFFCAE /* Products */;
			projectDirPath = "";
			projectRoot = "";
			targets = (
				FA2F31C51D13A47B00EFFCAE /* SwiftDemoCocoapodsPractice */,
				FA2F31D91D13A47C00EFFCAE /* SwiftDemoCocoapodsPracticeTests */,
				FA2F31E41D13A47C00EFFCAE /* SwiftDemoCocoapodsPracticeUITests */,
			);
		};
/* End PBXProject section */

/* Begin PBXResourcesBuildPhase section */
		FA2F31C41D13A47B00EFFCAE /* Resources */ = {
			isa = PBXResourcesBuildPhase;
			buildActionMask = 2147483647;
			files = (
				FA2F31D41D13A47B00EFFCAE /* LaunchScreen.storyboard in Resources */,
				FA2F31D11D13A47B00EFFCAE /* Assets.xcassets in Resources */,
				FA2F31CF1D13A47B00EFFCAE /* Main.storyboard in Resources */,
			);
			runOnlyForDeploymentPostprocessing = 0;
		};
		FA2F31D81D13A47C00EFFCAE /* Resources */ = {
			isa = PBXResourcesBuildPhase;
			buildActionMask = 2147483647;
			files = (
			);
			runOnlyForDeploymentPostprocessing = 0;
		};
		FA2F31E31D13A47C00EFFCAE /* Resources */ = {
			isa = PBXResourcesBuildPhase;
			buildActionMask = 2147483647;
			files = (
			);
			runOnlyForDeploymentPostprocessing = 0;
		};
/* End PBXResourcesBuildPhase section */

/* Begin PBXSourcesBuildPhase section */
		FA2F31C21D13A47B00EFFCAE /* Sources */ = {
			isa = PBXSourcesBuildPhase;
			buildActionMask = 2147483647;
			files = (
				FA2F31CC1D13A47B00EFFCAE /* ViewController.swift in Sources */,
				FA2F31CA1D13A47B00EFFCAE /* AppDelegate.swift in Sources */,
			);
			runOnlyForDeploymentPostprocessing = 0;
		};
		FA2F31D61D13A47C00EFFCAE /* Sources */ = {
			isa = PBXSourcesBuildPhase;
			buildActionMask = 2147483647;
			files = (
				FA2F31DF1D13A47C00EFFCAE /* SwiftDemoCocoapodsPracticeTests.swift in Sources */,
			);
			runOnlyForDeploymentPostprocessing = 0;
		};
		FA2F31E11D13A47C00EFFCAE /* Sources */ = {
			isa = PBXSourcesBuildPhase;
			buildActionMask = 2147483647;
			files = (
				FA2F31EA1D13A47C00EFFCAE /* SwiftDemoCocoapodsPracticeUITests.swift in Sources */,
			);
			runOnlyForDeploymentPostprocessing = 0;
		};
/* End PBXSourcesBuildPhase section */

/* Begin PBXTargetDependency section */
		FA2F31DC1D13A47C00EFFCAE /* PBXTargetDependency */ = {
			isa = PBXTargetDependency;
			target = FA2F31C51D13A47B00EFFCAE /* SwiftDemoCocoapodsPractice */;
			targetProxy = FA2F31DB1D13A47C00EFFCAE /* PBXContainerItemProxy */;
		};
		FA2F31E71D13A47C00EFFCAE /* PBXTargetDependency */ = {
			isa = PBXTargetDependency;
			target = FA2F31C51D13A47B00EFFCAE /* SwiftDemoCocoapodsPractice */;
			targetProxy = FA2F31E61D13A47C00EFFCAE /* PBXContainerItemProxy */;
		};
/* End PBXTargetDependency section */

/* Begin PBXVariantGroup section */
		FA2F31CD1D13A47B00EFFCAE /* Main.storyboard */ = {
			isa = PBXVariantGroup;
			children = (
				FA2F31CE1D13A47B00EFFCAE /* Base */,
			);
			name = Main.storyboard;
			sourceTree = "<group>";
		};
		FA2F31D21D13A47B00EFFCAE /* LaunchScreen.storyboard */ = {
			isa = PBXVariantGroup;
			children = (
				FA2F31D31D13A47B00EFFCAE /* Base */,
			);
			name = LaunchScreen.storyboard;
			sourceTree = "<group>";
		};
/* End PBXVariantGroup section */

/* Begin XCBuildConfiguration section */
		FA2F31EC1D13A47C00EFFCAE /* Debug */ = {
			isa = XCBuildConfiguration;
			buildSettings = {
				ALWAYS_SEARCH_USER_PATHS = NO;
				CLANG_ANALYZER_NONNULL = YES;
				CLANG_CXX_LANGUAGE_STANDARD = "gnu++0x";
				CLANG_CXX_LIBRARY = "libc++";
				CLANG_ENABLE_MODULES = YES;
				CLANG_ENABLE_OBJC_ARC = YES;
				CLANG_WARN_BOOL_CONVERSION = YES;
				CLANG_WARN_CONSTANT_CONVERSION = YES;
				CLANG_WARN_DIRECT_OBJC_ISA_USAGE = YES_ERROR;
				CLANG_WARN_EMPTY_BODY = YES;
				CLANG_WARN_ENUM_CONVERSION = YES;
				CLANG_WARN_INT_CONVERSION = YES;
				CLANG_WARN_OBJC_ROOT_CLASS = YES_ERROR;
				CLANG_WARN_UNREACHABLE_CODE = YES;
				CLANG_WARN__DUPLICATE_METHOD_MATCH = YES;
				"CODE_SIGN_IDENTITY[sdk=iphoneos*]" = "iPhone Developer";
				COPY_PHASE_STRIP = NO;
				DEBUG_INFORMATION_FORMAT = dwarf;
				ENABLE_STRICT_OBJC_MSGSEND = YES;
				ENABLE_TESTABILITY = YES;
				GCC_C_LANGUAGE_STANDARD = gnu99;
				GCC_DYNAMIC_NO_PIC = NO;
				GCC_NO_COMMON_BLOCKS = YES;
				GCC_OPTIMIZATION_LEVEL = 0;
				GCC_PREPROCESSOR_DEFINITIONS = (
					"DEBUG=1",
					"$(inherited)",
				);
				GCC_WARN_64_TO_32_BIT_CONVERSION = YES;
				GCC_WARN_ABOUT_RETURN_TYPE = YES_ERROR;
				GCC_WARN_UNDECLARED_SELECTOR = YES;
				GCC_WARN_UNINITIALIZED_AUTOS = YES_AGGRESSIVE;
				GCC_WARN_UNUSED_FUNCTION = YES;
				GCC_WARN_UNUSED_VARIABLE = YES;
				IPHONEOS_DEPLOYMENT_TARGET = 9.3;
				MTL_ENABLE_DEBUG_INFO = YES;
				ONLY_ACTIVE_ARCH = YES;
				SDKROOT = iphoneos;
				SWIFT_OPTIMIZATION_LEVEL = "-Onone";
			};
			name = Debug;
		};
		FA2F31ED1D13A47C00EFFCAE /* Release */ = {
			isa = XCBuildConfiguration;
			buildSettings = {
				ALWAYS_SEARCH_USER_PATHS = NO;
				CLANG_ANALYZER_NONNULL = YES;
				CLANG_CXX_LANGUAGE_STANDARD = "gnu++0x";
				CLANG_CXX_LIBRARY = "libc++";
				CLANG_ENABLE_MODULES = YES;
				CLANG_ENABLE_OBJC_ARC = YES;
				CLANG_WARN_BOOL_CONVERSION = YES;
				CLANG_WARN_CONSTANT_CONVERSION = YES;
				CLANG_WARN_DIRECT_OBJC_ISA_USAGE = YES_ERROR;
				CLANG_WARN_EMPTY_BODY = YES;
				CLANG_WARN_ENUM_CONVERSION = YES;
				CLANG_WARN_INT_CONVERSION = YES;
				CLANG_WARN_OBJC_ROOT_CLASS = YES_ERROR;
				CLANG_WARN_UNREACHABLE_CODE = YES;
				CLANG_WARN__DUPLICATE_METHOD_MATCH = YES;
				"CODE_SIGN_IDENTITY[sdk=iphoneos*]" = "iPhone Developer";
				COPY_PHASE_STRIP = NO;
				DEBUG_INFORMATION_FORMAT = "dwarf-with-dsym";
				ENABLE_NS_ASSERTIONS = NO;
				ENABLE_STRICT_OBJC_MSGSEND = YES;
				GCC_C_LANGUAGE_STANDARD = gnu99;
				GCC_NO_COMMON_BLOCKS = YES;
				GCC_WARN_64_TO_32_BIT_CONVERSION = YES;
				GCC_WARN_ABOUT_RETURN_TYPE = YES_ERROR;
				GCC_WARN_UNDECLARED_SELECTOR = YES;
				GCC_WARN_UNINITIALIZED_AUTOS = YES_AGGRESSIVE;
				GCC_WARN_UNUSED_FUNCTION = YES;
				GCC_WARN_UNUSED_VARIABLE = YES;
				IPHONEOS_DEPLOYMENT_TARGET = 9.3;
				MTL_ENABLE_DEBUG_INFO = NO;
				SDKROOT = iphoneos;
				VALIDATE_PRODUCT = YES;
			};
			name = Release;
		};
		FA2F31EF1D13A47C00EFFCAE /* Debug */ = {
			isa = XCBuildConfiguration;
			buildSettings = {
				ASSETCATALOG_COMPILER_APPICON_NAME = AppIcon;
				INFOPLIST_FILE = SwiftDemoCocoapodsPractice/Info.plist;
				LD_RUNPATH_SEARCH_PATHS = "$(inherited) @executable_path/Frameworks";
				PRODUCT_BUNDLE_IDENTIFIER = "com.Mad-hu.SwiftDemoCocoapodsPractice";
				PRODUCT_NAME = "$(TARGET_NAME)";
			};
			name = Debug;
		};
		FA2F31F01D13A47C00EFFCAE /* Release */ = {
			isa = XCBuildConfiguration;
			buildSettings = {
				ASSETCATALOG_COMPILER_APPICON_NAME = AppIcon;
				INFOPLIST_FILE = SwiftDemoCocoapodsPractice/Info.plist;
				LD_RUNPATH_SEARCH_PATHS = "$(inherited) @executable_path/Frameworks";
				PRODUCT_BUNDLE_IDENTIFIER = "com.Mad-hu.SwiftDemoCocoapodsPractice";
				PRODUCT_NAME = "$(TARGET_NAME)";
			};
			name = Release;
		};
		FA2F31F21D13A47C00EFFCAE /* Debug */ = {
			isa = XCBuildConfiguration;
			buildSettings = {
				BUNDLE_LOADER = "$(TEST_HOST)";
				INFOPLIST_FILE = SwiftDemoCocoapodsPracticeTests/Info.plist;
				LD_RUNPATH_SEARCH_PATHS = "$(inherited) @executable_path/Frameworks @loader_path/Frameworks";
				PRODUCT_BUNDLE_IDENTIFIER = "com.Mad-hu.SwiftDemoCocoapodsPracticeTests";
				PRODUCT_NAME = "$(TARGET_NAME)";
				TEST_HOST = "$(BUILT_PRODUCTS_DIR)/SwiftDemoCocoapodsPractice.app/SwiftDemoCocoapodsPractice";
			};
			name = Debug;
		};
		FA2F31F31D13A47C00EFFCAE /* Release */ = {
			isa = XCBuildConfiguration;
			buildSettings = {
				BUNDLE_LOADER = "$(TEST_HOST)";
				INFOPLIST_FILE = SwiftDemoCocoapodsPracticeTests/Info.plist;
				LD_RUNPATH_SEARCH_PATHS = "$(inherited) @executable_path/Frameworks @loader_path/Frameworks";
				PRODUCT_BUNDLE_IDENTIFIER = "com.Mad-hu.SwiftDemoCocoapodsPracticeTests";
				PRODUCT_NAME = "$(TARGET_NAME)";
				TEST_HOST = "$(BUILT_PRODUCTS_DIR)/SwiftDemoCocoapodsPractice.app/SwiftDemoCocoapodsPractice";
			};
			name = Release;
		};
		FA2F31F51D13A47C00EFFCAE /* Debug */ = {
			isa = XCBuildConfiguration;
			buildSettings = {
				INFOPLIST_FILE = SwiftDemoCocoapodsPracticeUITests/Info.plist;
				LD_RUNPATH_SEARCH_PATHS = "$(inherited) @executable_path/Frameworks @loader_path/Frameworks";
				PRODUCT_BUNDLE_IDENTIFIER = "com.Mad-hu.SwiftDemoCocoapodsPracticeUITests";
				PRODUCT_NAME = "$(TARGET_NAME)";
				TEST_TARGET_NAME = SwiftDemoCocoapodsPractice;
			};
			name = Debug;
		};
		FA2F31F61D13A47C00EFFCAE /* Release */ = {
			isa = XCBuildConfiguration;
			buildSettings = {
				INFOPLIST_FILE = SwiftDemoCocoapodsPracticeUITests/Info.plist;
				LD_RUNPATH_SEARCH_PATHS = "$(inherited) @executable_path/Frameworks @loader_path/Frameworks";
				PRODUCT_BUNDLE_IDENTIFIER = "com.Mad-hu.SwiftDemoCocoapodsPracticeUITests";
				PRODUCT_NAME = "$(TARGET_NAME)";
				TEST_TARGET_NAME = SwiftDemoCocoapodsPractice;
			};
			name = Release;
		};
/* End XCBuildConfiguration section */

/* Begin XCConfigurationList section */
		FA2F31C11D13A47B00EFFCAE /* Build configuration list for PBXProject "SwiftDemoCocoapodsPractice" */ = {
			isa = XCConfigurationList;
			buildConfigurations = (
				FA2F31EC1D13A47C00EFFCAE /* Debug */,
				FA2F31ED1D13A47C00EFFCAE /* Release */,
			);
			defaultConfigurationIsVisible = 0;
			defaultConfigurationName = Release;
		};
		FA2F31EE1D13A47C00EFFCAE /* Build configuration list for PBXNativeTarget "SwiftDemoCocoapodsPractice" */ = {
			isa = XCConfigurationList;
			buildConfigurations = (
				FA2F31EF1D13A47C00EFFCAE /* Debug */,
				FA2F31F01D13A47C00EFFCAE /* Release */,
			);
			defaultConfigurationIsVisible = 0;
		};
		FA2F31F11D13A47C00EFFCAE /* Build configuration list for PBXNativeTarget "SwiftDemoCocoapodsPracticeTests" */ = {
			isa = XCConfigurationList;
			buildConfigurations = (
				FA2F31F21D13A47C00EFFCAE /* Debug */,
				FA2F31F31D13A47C00EFFCAE /* Release */,
			);
			defaultConfigurationIsVisible = 0;
		};
		FA2F31F41D13A47C00EFFCAE /* Build configuration list for PBXNativeTarget "SwiftDemoCocoapodsPracticeUITests" */ = {
			isa = XCConfigurationList;
			buildConfigurations = (
				FA2F31F51D13A47C00EFFCAE /* Debug */,
				FA2F31F61D13A47C00EFFCAE /* Release */,
			);
			defaultConfigurationIsVisible = 0;
		};
/* End XCConfigurationList section */
	};
	rootObject = FA2F31BE1D13A47B00EFFCAE /* Project object */;
}
